<?xml version="1.0" encoding="utf-8"?>
<Project ToolsVersion="4.0" xmlns="http://schemas.microsoft.com/developer/msbuild/2003">
  <ItemGroup>
    <ClInclude Include="Common.h" />
    <ClInclude Include="BitUtil.h" />
    <ClInclude Include="ByteUtil.h" />
    <ClInclude Include="CalcUtil.h" />
    <ClInclude Include="IniUtil.h" />
    <ClInclude Include="PointerUtil.h" />
    <ClInclude Include="StringUtil.h" />
    <ClInclude Include="SwapUtil.h" />
    <ClInclude Include="ConvertUtil.h" />
  </ItemGroup>
  <ItemGroup>
    <ClCompile Include="ConvertUtil.cpp" />
  </ItemGroup>
</Project>